// !$*UTF8*$!
{
	archiveVersion = 1;
	classes = {
	};
	objectVersion = 50;
	objects = {

/* Begin PBXBuildFile section */
		43364B4B245C6A840064DAF1 /* main.cpp in Sources */ = {isa = PBXBuildFile; fileRef = 43364B4A245C6A840064DAF1 /* main.cpp */; };
		43364B55245C6AAD0064DAF1 /* OpenGL.framework in Frameworks */ = {isa = PBXBuildFile; fileRef = 43364B54245C6AAD0064DAF1 /* OpenGL.framework */; };
		43364B57245C6AC70064DAF1 /* libGLEW.2.1.0.dylib in Frameworks */ = {isa = PBXBuildFile; fileRef = 43364B56245C6AC70064DAF1 /* libGLEW.2.1.0.dylib */; };
		43364B5C245C6B250064DAF1 /* LoadShaders.cpp in Sources */ = {isa = PBXBuildFile; fileRef = 43364B5B245C6B250064DAF1 /* LoadShaders.cpp */; };
		437BAEFA245DBCF10095AD30 /* GLUT.framework in Frameworks */ = {isa = PBXBuildFile; fileRef = 437BAEF9245DBCF10095AD30 /* GLUT.framework */; };
		437BAEFB245DBCF10095AD30 /* GLUT.framework in Embed Frameworks */ = {isa = PBXBuildFile; fileRef = 437BAEF9245DBCF10095AD30 /* GLUT.framework */; settings = {ATTRIBUTES = (CodeSignOnCopy, RemoveHeadersOnCopy, ); }; };
/* End PBXBuildFile section */

/* Begin PBXCopyFilesBuildPhase section */
		43364B45245C6A840064DAF1 /* CopyFiles */ = {
			isa = PBXCopyFilesBuildPhase;
			buildActionMask = 2147483647;
			dstPath = /usr/share/man/man1/;
			dstSubfolderSpec = 0;
			files = (
			);
			runOnlyForDeploymentPostprocessing = 1;
		};
		437BAEFC245DBCF10095AD30 /* Embed Frameworks */ = {
			isa = PBXCopyFilesBuildPhase;
			buildActionMask = 2147483647;
			dstPath = "";
			dstSubfolderSpec = 10;
			files = (
				437BAEFB245DBCF10095AD30 /* GLUT.framework in Embed Frameworks */,
			);
			name = "Embed Frameworks";
			runOnlyForDeploymentPostprocessing = 0;
		};
/* End PBXCopyFilesBuildPhase section */

/* Begin PBXFileReference section */
		43364B47245C6A840064DAF1 /* HW9 */ = {isa = PBXFileReference; explicitFileType = "compiled.mach-o.executable"; includeInIndex = 0; path = HW9; sourceTree = BUILT_PRODUCTS_DIR; };
		43364B4A245C6A840064DAF1 /* main.cpp */ = {isa = PBXFileReference; lastKnownFileType = sourcecode.cpp.cpp; path = main.cpp; sourceTree = "<group>"; };
		43364B54245C6AAD0064DAF1 /* OpenGL.framework */ = {isa = PBXFileReference; lastKnownFileType = wrapper.framework; name = OpenGL.framework; path = System/Library/Frameworks/OpenGL.framework; sourceTree = SDKROOT; };
		43364B56245C6AC70064DAF1 /* libGLEW.2.1.0.dylib */ = {isa = PBXFileReference; lastKnownFileType = "compiled.mach-o.dylib"; name = libGLEW.2.1.0.dylib; path = ../../../../../usr/local/Cellar/glew/2.1.0_1/lib/libGLEW.2.1.0.dylib; sourceTree = "<group>"; };
		43364B5A245C6B250064DAF1 /* LoadShaders.h */ = {isa = PBXFileReference; fileEncoding = 4; lastKnownFileType = sourcecode.c.h; path = LoadShaders.h; sourceTree = "<group>"; };
		43364B5B245C6B250064DAF1 /* LoadShaders.cpp */ = {isa = PBXFileReference; fileEncoding = 4; lastKnownFileType = sourcecode.cpp.cpp; path = LoadShaders.cpp; sourceTree = "<group>"; };
		43364B5D245C6B420064DAF1 /* shader.frag */ = {isa = PBXFileReference; lastKnownFileType = sourcecode.glsl; path = shader.frag; sourceTree = "<group>"; };
		43364B5E245C6B420064DAF1 /* shader.vert */ = {isa = PBXFileReference; lastKnownFileType = sourcecode.glsl; path = shader.vert; sourceTree = "<group>"; };
		437BAEF9245DBCF10095AD30 /* GLUT.framework */ = {isa = PBXFileReference; lastKnownFileType = wrapper.framework; name = GLUT.framework; path = ../../GLUT.framework; sourceTree = "<group>"; };
/* End PBXFileReference section */

/* Begin PBXFrameworksBuildPhase section */
		43364B44245C6A840064DAF1 /* Frameworks */ = {
			isa = PBXFrameworksBuildPhase;
			buildActionMask = 2147483647;
			files = (
				43364B57245C6AC70064DAF1 /* libGLEW.2.1.0.dylib in Frameworks */,
				43364B55245C6AAD0064DAF1 /* OpenGL.framework in Frameworks */,
				437BAEFA245DBCF10095AD30 /* GLUT.framework in Frameworks */,
			);
			runOnlyForDeploymentPostprocessing = 0;
		};
/* End PBXFrameworksBuildPhase section */

/* Begin PBXGroup section */
		43364B3E245C6A840064DAF1 = {
			isa = PBXGroup;
			children = (
				43364B49245C6A840064DAF1 /* HW9 */,
				43364B48245C6A840064DAF1 /* Products */,
				43364B51245C6AA40064DAF1 /* Frameworks */,
			);
			sourceTree = "<group>";
		};
		43364B48245C6A840064DAF1 /* Products */ = {
			isa = PBXGroup;
			children = (
				43364B47245C6A840064DAF1 /* HW9 */,
			);
			name = Products;
			sourceTree = "<group>";
		};
		43364B49245C6A840064DAF1 /* HW9 */ = {
			isa = PBXGroup;
			children = (
				43364B5D245C6B420064DAF1 /* shader.frag */,
				43364B5E245C6B420064DAF1 /* shader.vert */,
				43364B5B245C6B250064DAF1 /* LoadShaders.cpp */,
				43364B5A245C6B250064DAF1 /* LoadShaders.h */,
				43364B4A245C6A840064DAF1 /* main.cpp */,
			);
			path = HW9;
			sourceTree = "<group>";
		};
		43364B51245C6AA40064DAF1 /* Frameworks */ = {
			isa = PBXGroup;
			children = (
				437BAEF9245DBCF10095AD30 /* GLUT.framework */,
				43364B56245C6AC70064DAF1 /* libGLEW.2.1.0.dylib */,
				43364B54245C6AAD0064DAF1 /* OpenGL.framework */,
			);
			name = Frameworks;
			sourceTree = "<group>";
		};
/* End PBXGroup section */

/* Begin PBXNativeTarget section */
		43364B46245C6A840064DAF1 /* HW9 */ = {
			isa = PBXNativeTarget;
			buildConfigurationList = 43364B4E245C6A840064DAF1 /* Build configuration list for PBXNativeTarget "HW9" */;
			buildPhases = (
				43364B43245C6A840064DAF1 /* Sources */,
				43364B44245C6A840064DAF1 /* Frameworks */,
				43364B45245C6A840064DAF1 /* CopyFiles */,
				437BAEFC245DBCF10095AD30 /* Embed Frameworks */,
			);
			buildRules = (
			);
			dependencies = (
			);
			name = HW9;
			productName = HW9;
			productReference = 43364B47245C6A840064DAF1 /* HW9 */;
			productType = "com.apple.product-type.tool";
		};
/* End PBXNativeTarget section */

/* Begin PBXProject section */
		43364B3F245C6A840064DAF1 /* Project object */ = {
			isa = PBXProject;
			attributes = {
				LastUpgradeCheck = 1140;
				ORGANIZATIONNAME = "승우";
				TargetAttributes = {
					43364B46245C6A840064DAF1 = {
						CreatedOnToolsVersion = 11.4.1;
					};
				};
			};
			buildConfigurationList = 43364B42245C6A840064DAF1 /* Build configuration list for PBXProject "HW9" */;
			compatibilityVersion = "Xcode 9.3";
			developmentRegion = en;
			hasScannedForEncodings = 0;
			knownRegions = (
				en,
				Base,
			);
			mainGroup = 43364B3E245C6A840064DAF1;
			productRefGroup = 43364B48245C6A840064DAF1 /* Products */;
			projectDirPath = "";
			projectRoot = "";
			targets = (
				43364B46245C6A840064DAF1 /* HW9 */,
			);
		};
/* End PBXProject section */

/* Begin PBXSourcesBuildPhase section */
		43364B43245C6A840064DAF1 /* Sources */ = {
			isa = PBXSourcesBuildPhase;
			buildActionMask = 2147483647;
			files = (
				43364B5C245C6B250064DAF1 /* LoadShaders.cpp in Sources */,
				43364B4B245C6A840064DAF1 /* main.cpp in Sources */,
			);
			runOnlyForDeploymentPostprocessing = 0;
		};
/* End PBXSourcesBuildPhase section */

/* Begin XCBuildConfiguration section */
		43364B4C245C6A840064DAF1 /* Debug */ = {
			isa = XCBuildConfiguration;
			buildSettings = {
				ALWAYS_SEARCH_USER_PATHS = NO;
				CLANG_ANALYZER_NONNULL = YES;
				CLANG_ANALYZER_NUMBER_OBJECT_CONVERSION = YES_AGGRESSIVE;
				CLANG_CXX_LANGUAGE_STANDARD = "gnu++14";
				CLANG_CXX_LIBRARY = "libc++";
				CLANG_ENABLE_MODULES = YES;
				CLANG_ENABLE_OBJC_ARC = YES;
				CLANG_ENABLE_OBJC_WEAK = YES;
				CLANG_WARN_BLOCK_CAPTURE_AUTORELEASING = YES;
				CLANG_WARN_BOOL_CONVERSION = YES;
				CLANG_WARN_COMMA = YES;
				CLANG_WARN_CONSTANT_CONVERSION = YES;
				CLANG_WARN_DEPRECATED_OBJC_IMPLEMENTATIONS = YES;
				CLANG_WARN_DIRECT_OBJC_ISA_USAGE = YES_ERROR;
				CLANG_WARN_DOCUMENTATION_COMMENTS = YES;
				CLANG_WARN_EMPTY_BODY = YES;
				CLANG_WARN_ENUM_CONVERSION = YES;
				CLANG_WARN_INFINITE_RECURSION = YES;
				CLANG_WARN_INT_CONVERSION = YES;
				CLANG_WARN_NON_LITERAL_NULL_CONVERSION = YES;
				CLANG_WARN_OBJC_IMPLICIT_RETAIN_SELF = YES;
				CLANG_WARN_OBJC_LITERAL_CONVERSION = YES;
				CLANG_WARN_OBJC_ROOT_CLASS = YES_ERROR;
				CLANG_WARN_RANGE_LOOP_ANALYSIS = YES;
				CLANG_WARN_STRICT_PROTOTYPES = YES;
				CLANG_WARN_SUSPICIOUS_MOVE = YES;
				CLANG_WARN_UNGUARDED_AVAILABILITY = YES_AGGRESSIVE;
				CLANG_WARN_UNREACHABLE_CODE = YES;
				CLANG_WARN__DUPLICATE_METHOD_MATCH = YES;
				COPY_PHASE_STRIP = NO;
				DEBUG_INFORMATION_FORMAT = dwarf;
				ENABLE_STRICT_OBJC_MSGSEND = YES;
				ENABLE_TESTABILITY = YES;
				GCC_C_LANGUAGE_STANDARD = gnu11;
				GCC_DYNAMIC_NO_PIC = NO;
				GCC_NO_COMMON_BLOCKS = YES;
				GCC_OPTIMIZATION_LEVEL = 0;
				GCC_PREPROCESSOR_DEFINITIONS = (
					"DEBUG=1",
					"$(inherited)",
				);
				GCC_WARN_64_TO_32_BIT_CONVERSION = YES;
				GCC_WARN_ABOUT_RETURN_TYPE = YES_ERROR;
				GCC_WARN_UNDECLARED_SELECTOR = YES;
				GCC_WARN_UNINITIALIZED_AUTOS = YES_AGGRESSIVE;
				GCC_WARN_UNUSED_FUNCTION = YES;
				GCC_WARN_UNUSED_VARIABLE = YES;
				MACOSX_DEPLOYMENT_TARGET = 10.15;
				MTL_ENABLE_DEBUG_INFO = INCLUDE_SOURCE;
				MTL_FAST_MATH = YES;
				ONLY_ACTIVE_ARCH = YES;
				SDKROOT = macosx;
			};
			name = Debug;
		};
		43364B4D245C6A840064DAF1 /* Release */ = {
			isa = XCBuildConfiguration;
			buildSettings = {
				ALWAYS_SEARCH_USER_PATHS = NO;
				CLANG_ANALYZER_NONNULL = YES;
				CLANG_ANALYZER_NUMBER_OBJECT_CONVERSION = YES_AGGRESSIVE;
				CLANG_CXX_LANGUAGE_STANDARD = "gnu++14";
				CLANG_CXX_LIBRARY = "libc++";
				CLANG_ENABLE_MODULES = YES;
				CLANG_ENABLE_OBJC_ARC = YES;
				CLANG_ENABLE_OBJC_WEAK = YES;
				CLANG_WARN_BLOCK_CAPTURE_AUTORELEASING = YES;
				CLANG_WARN_BOOL_CONVERSION = YES;
				CLANG_WARN_COMMA = YES;
				CLANG_WARN_CONSTANT_CONVERSION = YES;
				CLANG_WARN_DEPRECATED_OBJC_IMPLEMENTATIONS = YES;
				CLANG_WARN_DIRECT_OBJC_ISA_USAGE = YES_ERROR;
				CLANG_WARN_DOCUMENTATION_COMMENTS = YES;
				CLANG_WARN_EMPTY_BODY = YES;
				CLANG_WARN_ENUM_CONVERSION = YES;
				CLANG_WARN_INFINITE_RECURSION = YES;
				CLANG_WARN_INT_CONVERSION = YES;
				CLANG_WARN_NON_LITERAL_NULL_CONVERSION = YES;
				CLANG_WARN_OBJC_IMPLICIT_RETAIN_SELF = YES;
				CLANG_WARN_OBJC_LITERAL_CONVERSION = YES;
				CLANG_WARN_OBJC_ROOT_CLASS = YES_ERROR;
				CLANG_WARN_RANGE_LOOP_ANALYSIS = YES;
				CLANG_WARN_STRICT_PROTOTYPES = YES;
				CLANG_WARN_SUSPICIOUS_MOVE = YES;
				CLANG_WARN_UNGUARDED_AVAILABILITY = YES_AGGRESSIVE;
				CLANG_WARN_UNREACHABLE_CODE = YES;
				CLANG_WARN__DUPLICATE_METHOD_MATCH = YES;
				COPY_PHASE_STRIP = NO;
				DEBUG_INFORMATION_FORMAT = "dwarf-with-dsym";
				ENABLE_NS_ASSERTIONS = NO;
				ENABLE_STRICT_OBJC_MSGSEND = YES;
				GCC_C_LANGUAGE_STANDARD = gnu11;
				GCC_NO_COMMON_BLOCKS = YES;
				GCC_WARN_64_TO_32_BIT_CONVERSION = YES;
				GCC_WARN_ABOUT_RETURN_TYPE = YES_ERROR;
				GCC_WARN_UNDECLARED_SELECTOR = YES;
				GCC_WARN_UNINITIALIZED_AUTOS = YES_AGGRESSIVE;
				GCC_WARN_UNUSED_FUNCTION = YES;
				GCC_WARN_UNUSED_VARIABLE = YES;
				MACOSX_DEPLOYMENT_TARGET = 10.15;
				MTL_ENABLE_DEBUG_INFO = NO;
				MTL_FAST_MATH = YES;
				SDKROOT = macosx;
			};
			name = Release;
		};
		43364B4F245C6A840064DAF1 /* Debug */ = {
			isa = XCBuildConfiguration;
			buildSettings = {
				CODE_SIGN_STYLE = Automatic;
				HEADER_SEARCH_PATHS = (
					/usr/local/Cellar/glm/0.9.9.5/include,
					/usr/local/Cellar/glew/2.1.0_1/include,
				);
				LIBRARY_SEARCH_PATHS = (
					"$(inherited)",
					/usr/local/Cellar/glew/2.1.0_1/lib,
				);
				MACOSX_DEPLOYMENT_TARGET = 10.14;
				PRODUCT_NAME = "$(TARGET_NAME)";
			};
			name = Debug;
		};
		43364B50245C6A840064DAF1 /* Release */ = {
			isa = XCBuildConfiguration;
			buildSettings = {
				CODE_SIGN_STYLE = Automatic;
				HEADER_SEARCH_PATHS = (
					/usr/local/Cellar/glm/0.9.9.5/include,
					/usr/local/Cellar/glew/2.1.0_1/include,
				);
				LIBRARY_SEARCH_PATHS = (
					"$(inherited)",
					/usr/local/Cellar/glew/2.1.0_1/lib,
				);
				MACOSX_DEPLOYMENT_TARGET = 10.14;
				PRODUCT_NAME = "$(TARGET_NAME)";
			};
			name = Release;
		};
/* End XCBuildConfiguration section */

/* Begin XCConfigurationList section */
		43364B42245C6A840064DAF1 /* Build configuration list for PBXProject "HW9" */ = {
			isa = XCConfigurationList;
			buildConfigurations = (
				43364B4C245C6A840064DAF1 /* Debug */,
				43364B4D245C6A840064DAF1 /* Release */,
			);
			defaultConfigurationIsVisible = 0;
			defaultConfigurationName = Release;
		};
		43364B4E245C6A840064DAF1 /* Build configuration list for PBXNativeTarget "HW9" */ = {
			isa = XCConfigurationList;
			buildConfigurations = (
				43364B4F245C6A840064DAF1 /* Debug */,
				43364B50245C6A840064DAF1 /* Release */,
			);
			defaultConfigurationIsVisible = 0;
			defaultConfigurationName = Release;
		};
/* End XCConfigurationList section */
	};
	rootObject = 43364B3F245C6A840064DAF1 /* Project object */;
}
