// !$*UTF8*$!
{
	archiveVersion = 1;
	classes = {
	};
	objectVersion = 50;
	objects = {

/* Begin PBXBuildFile section */
		435F9910241A4C1F00827C68 /* main.cpp in Sources */ = {isa = PBXBuildFile; fileRef = 435F990F241A4C1F00827C68 /* main.cpp */; };
		435F9918241A4C2900827C68 /* OpenGL.framework in Frameworks */ = {isa = PBXBuildFile; fileRef = 435F9917241A4C2900827C68 /* OpenGL.framework */; };
		435F991A241A4C3900827C68 /* GLUT.framework in Frameworks */ = {isa = PBXBuildFile; fileRef = 435F9919241A4C3900827C68 /* GLUT.framework */; };
		435F991C241A4C4F00827C68 /* libGLEW.2.1.0.dylib in Frameworks */ = {isa = PBXBuildFile; fileRef = 435F991B241A4C4F00827C68 /* libGLEW.2.1.0.dylib */; };
		435F9921241A4CD200827C68 /* LoadShaders.cpp in Sources */ = {isa = PBXBuildFile; fileRef = 435F991F241A4CD200827C68 /* LoadShaders.cpp */; };
/* End PBXBuildFile section */

/* Begin PBXCopyFilesBuildPhase section */
		435F990A241A4C1F00827C68 /* CopyFiles */ = {
			isa = PBXCopyFilesBuildPhase;
			buildActionMask = 2147483647;
			dstPath = /usr/share/man/man1/;
			dstSubfolderSpec = 0;
			files = (
			);
			runOnlyForDeploymentPostprocessing = 1;
		};
/* End PBXCopyFilesBuildPhase section */

/* Begin PBXFileReference section */
		435F990C241A4C1F00827C68 /* HW2 */ = {isa = PBXFileReference; explicitFileType = "compiled.mach-o.executable"; includeInIndex = 0; path = HW2; sourceTree = BUILT_PRODUCTS_DIR; };
		435F990F241A4C1F00827C68 /* main.cpp */ = {isa = PBXFileReference; lastKnownFileType = sourcecode.cpp.cpp; path = main.cpp; sourceTree = "<group>"; };
		435F9917241A4C2900827C68 /* OpenGL.framework */ = {isa = PBXFileReference; lastKnownFileType = wrapper.framework; name = OpenGL.framework; path = System/Library/Frameworks/OpenGL.framework; sourceTree = SDKROOT; };
		435F9919241A4C3900827C68 /* GLUT.framework */ = {isa = PBXFileReference; lastKnownFileType = wrapper.framework; name = GLUT.framework; path = System/Library/Frameworks/GLUT.framework; sourceTree = SDKROOT; };
		435F991B241A4C4F00827C68 /* libGLEW.2.1.0.dylib */ = {isa = PBXFileReference; lastKnownFileType = "compiled.mach-o.dylib"; name = libGLEW.2.1.0.dylib; path = ../../../../../usr/local/Cellar/glew/2.1.0_1/lib/libGLEW.2.1.0.dylib; sourceTree = "<group>"; };
		435F991F241A4CD200827C68 /* LoadShaders.cpp */ = {isa = PBXFileReference; fileEncoding = 4; lastKnownFileType = sourcecode.cpp.cpp; path = LoadShaders.cpp; sourceTree = "<group>"; };
		435F9920241A4CD200827C68 /* LoadShaders.h */ = {isa = PBXFileReference; fileEncoding = 4; lastKnownFileType = sourcecode.c.h; path = LoadShaders.h; sourceTree = "<group>"; };
		439C135C241B649700146A28 /* vao_example.vert */ = {isa = PBXFileReference; lastKnownFileType = sourcecode.glsl; path = vao_example.vert; sourceTree = "<group>"; };
		439C135D241B664200146A28 /* vao_example.frag */ = {isa = PBXFileReference; lastKnownFileType = sourcecode.glsl; path = vao_example.frag; sourceTree = "<group>"; };
/* End PBXFileReference section */

/* Begin PBXFrameworksBuildPhase section */
		435F9909241A4C1F00827C68 /* Frameworks */ = {
			isa = PBXFrameworksBuildPhase;
			buildActionMask = 2147483647;
			files = (
				435F991C241A4C4F00827C68 /* libGLEW.2.1.0.dylib in Frameworks */,
				435F991A241A4C3900827C68 /* GLUT.framework in Frameworks */,
				435F9918241A4C2900827C68 /* OpenGL.framework in Frameworks */,
			);
			runOnlyForDeploymentPostprocessing = 0;
		};
/* End PBXFrameworksBuildPhase section */

/* Begin PBXGroup section */
		435F9903241A4C1F00827C68 = {
			isa = PBXGroup;
			children = (
				435F990E241A4C1F00827C68 /* HW2 */,
				435F990D241A4C1F00827C68 /* Products */,
				435F9916241A4C2900827C68 /* Frameworks */,
			);
			sourceTree = "<group>";
		};
		435F990D241A4C1F00827C68 /* Products */ = {
			isa = PBXGroup;
			children = (
				435F990C241A4C1F00827C68 /* HW2 */,
			);
			name = Products;
			sourceTree = "<group>";
		};
		435F990E241A4C1F00827C68 /* HW2 */ = {
			isa = PBXGroup;
			children = (
				435F991F241A4CD200827C68 /* LoadShaders.cpp */,
				435F9920241A4CD200827C68 /* LoadShaders.h */,
				435F990F241A4C1F00827C68 /* main.cpp */,
				439C135C241B649700146A28 /* vao_example.vert */,
				439C135D241B664200146A28 /* vao_example.frag */,
			);
			path = HW2;
			sourceTree = "<group>";
		};
		435F9916241A4C2900827C68 /* Frameworks */ = {
			isa = PBXGroup;
			children = (
				435F991B241A4C4F00827C68 /* libGLEW.2.1.0.dylib */,
				435F9919241A4C3900827C68 /* GLUT.framework */,
				435F9917241A4C2900827C68 /* OpenGL.framework */,
			);
			name = Frameworks;
			sourceTree = "<group>";
		};
/* End PBXGroup section */

/* Begin PBXNativeTarget section */
		435F990B241A4C1F00827C68 /* HW2 */ = {
			isa = PBXNativeTarget;
			buildConfigurationList = 435F9913241A4C1F00827C68 /* Build configuration list for PBXNativeTarget "HW2" */;
			buildPhases = (
				435F9908241A4C1F00827C68 /* Sources */,
				435F9909241A4C1F00827C68 /* Frameworks */,
				435F990A241A4C1F00827C68 /* CopyFiles */,
			);
			buildRules = (
			);
			dependencies = (
			);
			name = HW2;
			productName = HW2;
			productReference = 435F990C241A4C1F00827C68 /* HW2 */;
			productType = "com.apple.product-type.tool";
		};
/* End PBXNativeTarget section */

/* Begin PBXProject section */
		435F9904241A4C1F00827C68 /* Project object */ = {
			isa = PBXProject;
			attributes = {
				LastUpgradeCheck = 1130;
				ORGANIZATIONNAME = "승우";
				TargetAttributes = {
					435F990B241A4C1F00827C68 = {
						CreatedOnToolsVersion = 11.3.1;
					};
				};
			};
			buildConfigurationList = 435F9907241A4C1F00827C68 /* Build configuration list for PBXProject "HW2" */;
			compatibilityVersion = "Xcode 9.3";
			developmentRegion = en;
			hasScannedForEncodings = 0;
			knownRegions = (
				en,
				Base,
			);
			mainGroup = 435F9903241A4C1F00827C68;
			productRefGroup = 435F990D241A4C1F00827C68 /* Products */;
			projectDirPath = "";
			projectRoot = "";
			targets = (
				435F990B241A4C1F00827C68 /* HW2 */,
			);
		};
/* End PBXProject section */

/* Begin PBXSourcesBuildPhase section */
		435F9908241A4C1F00827C68 /* Sources */ = {
			isa = PBXSourcesBuildPhase;
			buildActionMask = 2147483647;
			files = (
				435F9921241A4CD200827C68 /* LoadShaders.cpp in Sources */,
				435F9910241A4C1F00827C68 /* main.cpp in Sources */,
			);
			runOnlyForDeploymentPostprocessing = 0;
		};
/* End PBXSourcesBuildPhase section */

/* Begin XCBuildConfiguration section */
		435F9911241A4C1F00827C68 /* Debug */ = {
			isa = XCBuildConfiguration;
			buildSettings = {
				ALWAYS_SEARCH_USER_PATHS = NO;
				CLANG_ANALYZER_NONNULL = YES;
				CLANG_ANALYZER_NUMBER_OBJECT_CONVERSION = YES_AGGRESSIVE;
				CLANG_CXX_LANGUAGE_STANDARD = "gnu++14";
				CLANG_CXX_LIBRARY = "libc++";
				CLANG_ENABLE_MODULES = YES;
				CLANG_ENABLE_OBJC_ARC = YES;
				CLANG_ENABLE_OBJC_WEAK = YES;
				CLANG_WARN_BLOCK_CAPTURE_AUTORELEASING = YES;
				CLANG_WARN_BOOL_CONVERSION = YES;
				CLANG_WARN_COMMA = YES;
				CLANG_WARN_CONSTANT_CONVERSION = YES;
				CLANG_WARN_DEPRECATED_OBJC_IMPLEMENTATIONS = YES;
				CLANG_WARN_DIRECT_OBJC_ISA_USAGE = YES_ERROR;
				CLANG_WARN_DOCUMENTATION_COMMENTS = YES;
				CLANG_WARN_EMPTY_BODY = YES;
				CLANG_WARN_ENUM_CONVERSION = YES;
				CLANG_WARN_INFINITE_RECURSION = YES;
				CLANG_WARN_INT_CONVERSION = YES;
				CLANG_WARN_NON_LITERAL_NULL_CONVERSION = YES;
				CLANG_WARN_OBJC_IMPLICIT_RETAIN_SELF = YES;
				CLANG_WARN_OBJC_LITERAL_CONVERSION = YES;
				CLANG_WARN_OBJC_ROOT_CLASS = YES_ERROR;
				CLANG_WARN_RANGE_LOOP_ANALYSIS = YES;
				CLANG_WARN_STRICT_PROTOTYPES = YES;
				CLANG_WARN_SUSPICIOUS_MOVE = YES;
				CLANG_WARN_UNGUARDED_AVAILABILITY = YES_AGGRESSIVE;
				CLANG_WARN_UNREACHABLE_CODE = YES;
				CLANG_WARN__DUPLICATE_METHOD_MATCH = YES;
				COPY_PHASE_STRIP = NO;
				DEBUG_INFORMATION_FORMAT = dwarf;
				ENABLE_STRICT_OBJC_MSGSEND = YES;
				ENABLE_TESTABILITY = YES;
				GCC_C_LANGUAGE_STANDARD = gnu11;
				GCC_DYNAMIC_NO_PIC = NO;
				GCC_NO_COMMON_BLOCKS = YES;
				GCC_OPTIMIZATION_LEVEL = 0;
				GCC_PREPROCESSOR_DEFINITIONS = (
					"DEBUG=1",
					"$(inherited)",
				);
				GCC_WARN_64_TO_32_BIT_CONVERSION = YES;
				GCC_WARN_ABOUT_RETURN_TYPE = YES_ERROR;
				GCC_WARN_UNDECLARED_SELECTOR = YES;
				GCC_WARN_UNINITIALIZED_AUTOS = YES_AGGRESSIVE;
				GCC_WARN_UNUSED_FUNCTION = YES;
				GCC_WARN_UNUSED_VARIABLE = YES;
				MACOSX_DEPLOYMENT_TARGET = 10.15;
				MTL_ENABLE_DEBUG_INFO = INCLUDE_SOURCE;
				MTL_FAST_MATH = YES;
				ONLY_ACTIVE_ARCH = YES;
				SDKROOT = macosx;
			};
			name = Debug;
		};
		435F9912241A4C1F00827C68 /* Release */ = {
			isa = XCBuildConfiguration;
			buildSettings = {
				ALWAYS_SEARCH_USER_PATHS = NO;
				CLANG_ANALYZER_NONNULL = YES;
				CLANG_ANALYZER_NUMBER_OBJECT_CONVERSION = YES_AGGRESSIVE;
				CLANG_CXX_LANGUAGE_STANDARD = "gnu++14";
				CLANG_CXX_LIBRARY = "libc++";
				CLANG_ENABLE_MODULES = YES;
				CLANG_ENABLE_OBJC_ARC = YES;
				CLANG_ENABLE_OBJC_WEAK = YES;
				CLANG_WARN_BLOCK_CAPTURE_AUTORELEASING = YES;
				CLANG_WARN_BOOL_CONVERSION = YES;
				CLANG_WARN_COMMA = YES;
				CLANG_WARN_CONSTANT_CONVERSION = YES;
				CLANG_WARN_DEPRECATED_OBJC_IMPLEMENTATIONS = YES;
				CLANG_WARN_DIRECT_OBJC_ISA_USAGE = YES_ERROR;
				CLANG_WARN_DOCUMENTATION_COMMENTS = YES;
				CLANG_WARN_EMPTY_BODY = YES;
				CLANG_WARN_ENUM_CONVERSION = YES;
				CLANG_WARN_INFINITE_RECURSION = YES;
				CLANG_WARN_INT_CONVERSION = YES;
				CLANG_WARN_NON_LITERAL_NULL_CONVERSION = YES;
				CLANG_WARN_OBJC_IMPLICIT_RETAIN_SELF = YES;
				CLANG_WARN_OBJC_LITERAL_CONVERSION = YES;
				CLANG_WARN_OBJC_ROOT_CLASS = YES_ERROR;
				CLANG_WARN_RANGE_LOOP_ANALYSIS = YES;
				CLANG_WARN_STRICT_PROTOTYPES = YES;
				CLANG_WARN_SUSPICIOUS_MOVE = YES;
				CLANG_WARN_UNGUARDED_AVAILABILITY = YES_AGGRESSIVE;
				CLANG_WARN_UNREACHABLE_CODE = YES;
				CLANG_WARN__DUPLICATE_METHOD_MATCH = YES;
				COPY_PHASE_STRIP = NO;
				DEBUG_INFORMATION_FORMAT = "dwarf-with-dsym";
				ENABLE_NS_ASSERTIONS = NO;
				ENABLE_STRICT_OBJC_MSGSEND = YES;
				GCC_C_LANGUAGE_STANDARD = gnu11;
				GCC_NO_COMMON_BLOCKS = YES;
				GCC_WARN_64_TO_32_BIT_CONVERSION = YES;
				GCC_WARN_ABOUT_RETURN_TYPE = YES_ERROR;
				GCC_WARN_UNDECLARED_SELECTOR = YES;
				GCC_WARN_UNINITIALIZED_AUTOS = YES_AGGRESSIVE;
				GCC_WARN_UNUSED_FUNCTION = YES;
				GCC_WARN_UNUSED_VARIABLE = YES;
				MACOSX_DEPLOYMENT_TARGET = 10.15;
				MTL_ENABLE_DEBUG_INFO = NO;
				MTL_FAST_MATH = YES;
				SDKROOT = macosx;
			};
			name = Release;
		};
		435F9914241A4C1F00827C68 /* Debug */ = {
			isa = XCBuildConfiguration;
			buildSettings = {
				ALWAYS_SEARCH_USER_PATHS = YES;
				CODE_SIGN_STYLE = Automatic;
				HEADER_SEARCH_PATHS = /usr/local/Cellar/glew/2.1.0_1/include;
				LIBRARY_SEARCH_PATHS = (
					"$(inherited)",
					/usr/local/Cellar/glew/2.1.0_1/lib,
				);
				MACOSX_DEPLOYMENT_TARGET = 10.14;
				PRODUCT_NAME = "$(TARGET_NAME)";
			};
			name = Debug;
		};
		435F9915241A4C1F00827C68 /* Release */ = {
			isa = XCBuildConfiguration;
			buildSettings = {
				ALWAYS_SEARCH_USER_PATHS = YES;
				CODE_SIGN_STYLE = Automatic;
				HEADER_SEARCH_PATHS = /usr/local/Cellar/glew/2.1.0_1/include;
				LIBRARY_SEARCH_PATHS = (
					"$(inherited)",
					/usr/local/Cellar/glew/2.1.0_1/lib,
				);
				MACOSX_DEPLOYMENT_TARGET = 10.14;
				PRODUCT_NAME = "$(TARGET_NAME)";
			};
			name = Release;
		};
/* End XCBuildConfiguration section */

/* Begin XCConfigurationList section */
		435F9907241A4C1F00827C68 /* Build configuration list for PBXProject "HW2" */ = {
			isa = XCConfigurationList;
			buildConfigurations = (
				435F9911241A4C1F00827C68 /* Debug */,
				435F9912241A4C1F00827C68 /* Release */,
			);
			defaultConfigurationIsVisible = 0;
			defaultConfigurationName = Release;
		};
		435F9913241A4C1F00827C68 /* Build configuration list for PBXNativeTarget "HW2" */ = {
			isa = XCConfigurationList;
			buildConfigurations = (
				435F9914241A4C1F00827C68 /* Debug */,
				435F9915241A4C1F00827C68 /* Release */,
			);
			defaultConfigurationIsVisible = 0;
			defaultConfigurationName = Release;
		};
/* End XCConfigurationList section */
	};
	rootObject = 435F9904241A4C1F00827C68 /* Project object */;
}
