// !$*UTF8*$!
{
	archiveVersion = 1;
	classes = {
	};
	objectVersion = 50;
	objects = {

/* Begin PBXBuildFile section */
		43A4ACF42418D46000B7E430 /* main.cpp in Sources */ = {isa = PBXBuildFile; fileRef = 43A4ACF32418D46000B7E430 /* main.cpp */; };
		43A4ACFC2418D48900B7E430 /* libGLEW.2.1.0.dylib in Frameworks */ = {isa = PBXBuildFile; fileRef = 43A4ACFB2418D48900B7E430 /* libGLEW.2.1.0.dylib */; };
		43A4AD002418D49200B7E430 /* GLUT.framework in Frameworks */ = {isa = PBXBuildFile; fileRef = 43A4ACFF2418D49200B7E430 /* GLUT.framework */; };
		43A4AD022418D49800B7E430 /* OpenGL.framework in Frameworks */ = {isa = PBXBuildFile; fileRef = 43A4AD012418D49800B7E430 /* OpenGL.framework */; };
		43E46230242B3213005BBCC2 /* LoadShaders.cpp in Sources */ = {isa = PBXBuildFile; fileRef = 43E4622E242B3213005BBCC2 /* LoadShaders.cpp */; };
/* End PBXBuildFile section */

/* Begin PBXCopyFilesBuildPhase section */
		43A4ACEE2418D46000B7E430 /* CopyFiles */ = {
			isa = PBXCopyFilesBuildPhase;
			buildActionMask = 2147483647;
			dstPath = /usr/share/man/man1/;
			dstSubfolderSpec = 0;
			files = (
			);
			runOnlyForDeploymentPostprocessing = 1;
		};
/* End PBXCopyFilesBuildPhase section */

/* Begin PBXFileReference section */
		43A4ACF02418D46000B7E430 /* HW1 */ = {isa = PBXFileReference; explicitFileType = "compiled.mach-o.executable"; includeInIndex = 0; path = HW1; sourceTree = BUILT_PRODUCTS_DIR; };
		43A4ACF32418D46000B7E430 /* main.cpp */ = {isa = PBXFileReference; lastKnownFileType = sourcecode.cpp.cpp; path = main.cpp; sourceTree = "<group>"; };
		43A4ACFB2418D48900B7E430 /* libGLEW.2.1.0.dylib */ = {isa = PBXFileReference; lastKnownFileType = "compiled.mach-o.dylib"; name = libGLEW.2.1.0.dylib; path = ../../../../usr/local/Cellar/glew/2.1.0_1/lib/libGLEW.2.1.0.dylib; sourceTree = "<group>"; };
		43A4ACFF2418D49200B7E430 /* GLUT.framework */ = {isa = PBXFileReference; lastKnownFileType = wrapper.framework; name = GLUT.framework; path = System/Library/Frameworks/GLUT.framework; sourceTree = SDKROOT; };
		43A4AD012418D49800B7E430 /* OpenGL.framework */ = {isa = PBXFileReference; lastKnownFileType = wrapper.framework; name = OpenGL.framework; path = System/Library/Frameworks/OpenGL.framework; sourceTree = SDKROOT; };
		43E4622E242B3213005BBCC2 /* LoadShaders.cpp */ = {isa = PBXFileReference; fileEncoding = 4; lastKnownFileType = sourcecode.cpp.cpp; name = LoadShaders.cpp; path = "../../../LoadShaders (1)/LoadShaders.cpp"; sourceTree = "<group>"; };
		43E4622F242B3213005BBCC2 /* LoadShaders.h */ = {isa = PBXFileReference; fileEncoding = 4; lastKnownFileType = sourcecode.c.h; name = LoadShaders.h; path = "../../../LoadShaders (1)/LoadShaders.h"; sourceTree = "<group>"; };
		43E46231242B3225005BBCC2 /* triangles.frag */ = {isa = PBXFileReference; lastKnownFileType = sourcecode.glsl; path = triangles.frag; sourceTree = "<group>"; };
		43E46232242B3225005BBCC2 /* triangles.vert */ = {isa = PBXFileReference; lastKnownFileType = sourcecode.glsl; path = triangles.vert; sourceTree = "<group>"; };
/* End PBXFileReference section */

/* Begin PBXFrameworksBuildPhase section */
		43A4ACED2418D46000B7E430 /* Frameworks */ = {
			isa = PBXFrameworksBuildPhase;
			buildActionMask = 2147483647;
			files = (
				43A4AD002418D49200B7E430 /* GLUT.framework in Frameworks */,
				43A4ACFC2418D48900B7E430 /* libGLEW.2.1.0.dylib in Frameworks */,
				43A4AD022418D49800B7E430 /* OpenGL.framework in Frameworks */,
			);
			runOnlyForDeploymentPostprocessing = 0;
		};
/* End PBXFrameworksBuildPhase section */

/* Begin PBXGroup section */
		43A4ACE72418D46000B7E430 = {
			isa = PBXGroup;
			children = (
				43A4ACF22418D46000B7E430 /* HW1 */,
				43A4ACF12418D46000B7E430 /* Products */,
				43A4ACFA2418D48800B7E430 /* Frameworks */,
			);
			sourceTree = "<group>";
		};
		43A4ACF12418D46000B7E430 /* Products */ = {
			isa = PBXGroup;
			children = (
				43A4ACF02418D46000B7E430 /* HW1 */,
			);
			name = Products;
			sourceTree = "<group>";
		};
		43A4ACF22418D46000B7E430 /* HW1 */ = {
			isa = PBXGroup;
			children = (
				43E46231242B3225005BBCC2 /* triangles.frag */,
				43E46232242B3225005BBCC2 /* triangles.vert */,
				43E4622E242B3213005BBCC2 /* LoadShaders.cpp */,
				43E4622F242B3213005BBCC2 /* LoadShaders.h */,
				43A4ACF32418D46000B7E430 /* main.cpp */,
			);
			path = HW1;
			sourceTree = "<group>";
		};
		43A4ACFA2418D48800B7E430 /* Frameworks */ = {
			isa = PBXGroup;
			children = (
				43A4AD012418D49800B7E430 /* OpenGL.framework */,
				43A4ACFF2418D49200B7E430 /* GLUT.framework */,
				43A4ACFB2418D48900B7E430 /* libGLEW.2.1.0.dylib */,
			);
			name = Frameworks;
			sourceTree = "<group>";
		};
/* End PBXGroup section */

/* Begin PBXNativeTarget section */
		43A4ACEF2418D46000B7E430 /* HW1 */ = {
			isa = PBXNativeTarget;
			buildConfigurationList = 43A4ACF72418D46000B7E430 /* Build configuration list for PBXNativeTarget "HW1" */;
			buildPhases = (
				43A4ACEC2418D46000B7E430 /* Sources */,
				43A4ACED2418D46000B7E430 /* Frameworks */,
				43A4ACEE2418D46000B7E430 /* CopyFiles */,
			);
			buildRules = (
			);
			dependencies = (
			);
			name = HW1;
			productName = HW1;
			productReference = 43A4ACF02418D46000B7E430 /* HW1 */;
			productType = "com.apple.product-type.tool";
		};
/* End PBXNativeTarget section */

/* Begin PBXProject section */
		43A4ACE82418D46000B7E430 /* Project object */ = {
			isa = PBXProject;
			attributes = {
				LastUpgradeCheck = 1130;
				ORGANIZATIONNAME = "승우";
				TargetAttributes = {
					43A4ACEF2418D46000B7E430 = {
						CreatedOnToolsVersion = 11.3.1;
					};
				};
			};
			buildConfigurationList = 43A4ACEB2418D46000B7E430 /* Build configuration list for PBXProject "HW1" */;
			compatibilityVersion = "Xcode 9.3";
			developmentRegion = en;
			hasScannedForEncodings = 0;
			knownRegions = (
				en,
				Base,
			);
			mainGroup = 43A4ACE72418D46000B7E430;
			productRefGroup = 43A4ACF12418D46000B7E430 /* Products */;
			projectDirPath = "";
			projectRoot = "";
			targets = (
				43A4ACEF2418D46000B7E430 /* HW1 */,
			);
		};
/* End PBXProject section */

/* Begin PBXSourcesBuildPhase section */
		43A4ACEC2418D46000B7E430 /* Sources */ = {
			isa = PBXSourcesBuildPhase;
			buildActionMask = 2147483647;
			files = (
				43E46230242B3213005BBCC2 /* LoadShaders.cpp in Sources */,
				43A4ACF42418D46000B7E430 /* main.cpp in Sources */,
			);
			runOnlyForDeploymentPostprocessing = 0;
		};
/* End PBXSourcesBuildPhase section */

/* Begin XCBuildConfiguration section */
		43A4ACF52418D46000B7E430 /* Debug */ = {
			isa = XCBuildConfiguration;
			buildSettings = {
				ALWAYS_SEARCH_USER_PATHS = NO;
				CLANG_ANALYZER_NONNULL = YES;
				CLANG_ANALYZER_NUMBER_OBJECT_CONVERSION = YES_AGGRESSIVE;
				CLANG_CXX_LANGUAGE_STANDARD = "gnu++14";
				CLANG_CXX_LIBRARY = "libc++";
				CLANG_ENABLE_MODULES = YES;
				CLANG_ENABLE_OBJC_ARC = YES;
				CLANG_ENABLE_OBJC_WEAK = YES;
				CLANG_WARN_BLOCK_CAPTURE_AUTORELEASING = YES;
				CLANG_WARN_BOOL_CONVERSION = YES;
				CLANG_WARN_COMMA = YES;
				CLANG_WARN_CONSTANT_CONVERSION = YES;
				CLANG_WARN_DEPRECATED_OBJC_IMPLEMENTATIONS = YES;
				CLANG_WARN_DIRECT_OBJC_ISA_USAGE = YES_ERROR;
				CLANG_WARN_DOCUMENTATION_COMMENTS = YES;
				CLANG_WARN_EMPTY_BODY = YES;
				CLANG_WARN_ENUM_CONVERSION = YES;
				CLANG_WARN_INFINITE_RECURSION = YES;
				CLANG_WARN_INT_CONVERSION = YES;
				CLANG_WARN_NON_LITERAL_NULL_CONVERSION = YES;
				CLANG_WARN_OBJC_IMPLICIT_RETAIN_SELF = YES;
				CLANG_WARN_OBJC_LITERAL_CONVERSION = YES;
				CLANG_WARN_OBJC_ROOT_CLASS = YES_ERROR;
				CLANG_WARN_RANGE_LOOP_ANALYSIS = YES;
				CLANG_WARN_STRICT_PROTOTYPES = YES;
				CLANG_WARN_SUSPICIOUS_MOVE = YES;
				CLANG_WARN_UNGUARDED_AVAILABILITY = YES_AGGRESSIVE;
				CLANG_WARN_UNREACHABLE_CODE = YES;
				CLANG_WARN__DUPLICATE_METHOD_MATCH = YES;
				COPY_PHASE_STRIP = NO;
				DEBUG_INFORMATION_FORMAT = dwarf;
				ENABLE_STRICT_OBJC_MSGSEND = YES;
				ENABLE_TESTABILITY = YES;
				GCC_C_LANGUAGE_STANDARD = gnu11;
				GCC_DYNAMIC_NO_PIC = NO;
				GCC_NO_COMMON_BLOCKS = YES;
				GCC_OPTIMIZATION_LEVEL = 0;
				GCC_PREPROCESSOR_DEFINITIONS = (
					"DEBUG=1",
					"$(inherited)",
				);
				GCC_WARN_64_TO_32_BIT_CONVERSION = YES;
				GCC_WARN_ABOUT_RETURN_TYPE = YES_ERROR;
				GCC_WARN_UNDECLARED_SELECTOR = YES;
				GCC_WARN_UNINITIALIZED_AUTOS = YES_AGGRESSIVE;
				GCC_WARN_UNUSED_FUNCTION = YES;
				GCC_WARN_UNUSED_VARIABLE = YES;
				MACOSX_DEPLOYMENT_TARGET = 10.15;
				MTL_ENABLE_DEBUG_INFO = INCLUDE_SOURCE;
				MTL_FAST_MATH = YES;
				ONLY_ACTIVE_ARCH = YES;
				SDKROOT = macosx;
			};
			name = Debug;
		};
		43A4ACF62418D46000B7E430 /* Release */ = {
			isa = XCBuildConfiguration;
			buildSettings = {
				ALWAYS_SEARCH_USER_PATHS = NO;
				CLANG_ANALYZER_NONNULL = YES;
				CLANG_ANALYZER_NUMBER_OBJECT_CONVERSION = YES_AGGRESSIVE;
				CLANG_CXX_LANGUAGE_STANDARD = "gnu++14";
				CLANG_CXX_LIBRARY = "libc++";
				CLANG_ENABLE_MODULES = YES;
				CLANG_ENABLE_OBJC_ARC = YES;
				CLANG_ENABLE_OBJC_WEAK = YES;
				CLANG_WARN_BLOCK_CAPTURE_AUTORELEASING = YES;
				CLANG_WARN_BOOL_CONVERSION = YES;
				CLANG_WARN_COMMA = YES;
				CLANG_WARN_CONSTANT_CONVERSION = YES;
				CLANG_WARN_DEPRECATED_OBJC_IMPLEMENTATIONS = YES;
				CLANG_WARN_DIRECT_OBJC_ISA_USAGE = YES_ERROR;
				CLANG_WARN_DOCUMENTATION_COMMENTS = YES;
				CLANG_WARN_EMPTY_BODY = YES;
				CLANG_WARN_ENUM_CONVERSION = YES;
				CLANG_WARN_INFINITE_RECURSION = YES;
				CLANG_WARN_INT_CONVERSION = YES;
				CLANG_WARN_NON_LITERAL_NULL_CONVERSION = YES;
				CLANG_WARN_OBJC_IMPLICIT_RETAIN_SELF = YES;
				CLANG_WARN_OBJC_LITERAL_CONVERSION = YES;
				CLANG_WARN_OBJC_ROOT_CLASS = YES_ERROR;
				CLANG_WARN_RANGE_LOOP_ANALYSIS = YES;
				CLANG_WARN_STRICT_PROTOTYPES = YES;
				CLANG_WARN_SUSPICIOUS_MOVE = YES;
				CLANG_WARN_UNGUARDED_AVAILABILITY = YES_AGGRESSIVE;
				CLANG_WARN_UNREACHABLE_CODE = YES;
				CLANG_WARN__DUPLICATE_METHOD_MATCH = YES;
				COPY_PHASE_STRIP = NO;
				DEBUG_INFORMATION_FORMAT = "dwarf-with-dsym";
				ENABLE_NS_ASSERTIONS = NO;
				ENABLE_STRICT_OBJC_MSGSEND = YES;
				GCC_C_LANGUAGE_STANDARD = gnu11;
				GCC_NO_COMMON_BLOCKS = YES;
				GCC_WARN_64_TO_32_BIT_CONVERSION = YES;
				GCC_WARN_ABOUT_RETURN_TYPE = YES_ERROR;
				GCC_WARN_UNDECLARED_SELECTOR = YES;
				GCC_WARN_UNINITIALIZED_AUTOS = YES_AGGRESSIVE;
				GCC_WARN_UNUSED_FUNCTION = YES;
				GCC_WARN_UNUSED_VARIABLE = YES;
				MACOSX_DEPLOYMENT_TARGET = 10.15;
				MTL_ENABLE_DEBUG_INFO = NO;
				MTL_FAST_MATH = YES;
				SDKROOT = macosx;
			};
			name = Release;
		};
		43A4ACF82418D46000B7E430 /* Debug */ = {
			isa = XCBuildConfiguration;
			buildSettings = {
				ALWAYS_SEARCH_USER_PATHS = YES;
				CODE_SIGN_STYLE = Automatic;
				HEADER_SEARCH_PATHS = /usr/local/Cellar/glew/2.1.0_1/include;
				LIBRARY_SEARCH_PATHS = (
					"$(inherited)",
					/usr/local/Cellar/glew/2.1.0_1/lib,
				);
				MACOSX_DEPLOYMENT_TARGET = 10.14;
				PRODUCT_NAME = "$(TARGET_NAME)";
			};
			name = Debug;
		};
		43A4ACF92418D46000B7E430 /* Release */ = {
			isa = XCBuildConfiguration;
			buildSettings = {
				ALWAYS_SEARCH_USER_PATHS = YES;
				CODE_SIGN_STYLE = Automatic;
				HEADER_SEARCH_PATHS = /usr/local/Cellar/glew/2.1.0_1/include;
				LIBRARY_SEARCH_PATHS = (
					"$(inherited)",
					/usr/local/Cellar/glew/2.1.0_1/lib,
				);
				MACOSX_DEPLOYMENT_TARGET = 10.14;
				PRODUCT_NAME = "$(TARGET_NAME)";
			};
			name = Release;
		};
/* End XCBuildConfiguration section */

/* Begin XCConfigurationList section */
		43A4ACEB2418D46000B7E430 /* Build configuration list for PBXProject "HW1" */ = {
			isa = XCConfigurationList;
			buildConfigurations = (
				43A4ACF52418D46000B7E430 /* Debug */,
				43A4ACF62418D46000B7E430 /* Release */,
			);
			defaultConfigurationIsVisible = 0;
			defaultConfigurationName = Release;
		};
		43A4ACF72418D46000B7E430 /* Build configuration list for PBXNativeTarget "HW1" */ = {
			isa = XCConfigurationList;
			buildConfigurations = (
				43A4ACF82418D46000B7E430 /* Debug */,
				43A4ACF92418D46000B7E430 /* Release */,
			);
			defaultConfigurationIsVisible = 0;
			defaultConfigurationName = Release;
		};
/* End XCConfigurationList section */
	};
	rootObject = 43A4ACE82418D46000B7E430 /* Project object */;
}
